github.com/bluele/psort v0.0.0-20190615170025-4b4db64b65b8 h1:n3qET9Ge7J2XyO3B2uCBUXyY7qspfOC6jMJVIBZ0bh0=
github.com/bluele/psort v0.0.0-20190615170025-4b4db64b65b8/go.mod h1:QqTgFW1WAxZ2Y/uN5oZO4soB4Pf5FkJ1mmb2Dx/jeEo=
gopkg.in/check.v1 v0.0.0-20161208181325-20d25e280405/go.mod h1:Co6ibVJAznAaIkqp8huTwlJQCZ016jof/cbN4VW5Yz0=
gopkg.in/yaml.v2 v2.4.0 h1:D8xgwECY7CYvx+Y2n4sBz93Jn9JRvxdiyyo8CTfuKaY=
gopkg.in/yaml.v2 v2.4.0/go.mod h1:RDklbk79AGWmwhnvt/jBztapEOGDOx6ZbXqjP6csGnQ=
